
Microsoft Visual Studio Solution File, Format Version 12.00
# Visual Studio 15
VisualStudioVersion = 15.0.27428.2037
MinimumVisualStudioVersion = 10.0.40219.1
Project("{FAE04EC0-301F-11D3-BF4B-00C04F79EFBC}") = "AdvancedWand", "AdvancedWand\AdvancedWand.csproj", "{89756276-2D3E-4022-B18C-1F3580F0F48A}"
EndProject
Global
	GlobalSection(SolutionConfigurationPlatforms) = preSolution
		Debug|Any CPU = Debug|Any CPU
		Release|Any CPU = Release|Any CPU
	EndGlobalSection
	GlobalSection(ProjectConfigurationPlatforms) = postSolution
		{89756276-2D3E-4022-B18C-1F3580F0F48A}.Debug|Any CPU.ActiveCfg = Debug|Any CPU
		{89756276-2D3E-4022-B18C-1F3580F0F48A}.Debug|Any CPU.Build.0 = Debug|Any CPU
		{89756276-2D3E-4022-B18C-1F3580F0F48A}.Release|Any CPU.ActiveCfg = Release|Any CPU
		{89756276-2D3E-4022-B18C-1F3580F0F48A}.Release|Any CPU.Build.0 = Release|Any CPU
	EndGlobalSection
	GlobalSection(SolutionProperties) = preSolution
		HideSolutionNode = FALSE
	EndGlobalSection
	GlobalSection(ExtensibilityGlobals) = postSolution
		SolutionGuid = {52E3E49A-34FE-436E-9925-D9D70886FCBA}
	EndGlobalSection
EndGlobal
